
Microsoft Visual Studio Solution File, Format Version 12.00
# Visual Studio Version 17
VisualStudioVersion = 17.6.33815.320
MinimumVisualStudioVersion = 10.0.40219.1
Project("{9A19103F-16F7-4668-BE54-9A1E7A4F7556}") = "BulkyWeb", "BulkyWeb\BulkyWeb.csproj", "{1E697FED-9913-4A7F-9224-BFCECF540C18}"
EndProject
Project("{FAE04EC0-301F-11D3-BF4B-00C04F79EFBC}") = "Bulky.DataAccess", "Bulky.DataAccess\Bulky.DataAccess.csproj", "{908E3C4A-415F-4D11-AC19-A654FB2FD20B}"
EndProject
Project("{FAE04EC0-301F-11D3-BF4B-00C04F79EFBC}") = "Bulky.Models", "Bulky.Models\Bulky.Models.csproj", "{C3B3A9ED-DB19-44C0-9120-639A58153973}"
EndProject
Project("{FAE04EC0-301F-11D3-BF4B-00C04F79EFBC}") = "Bulky.Utility", "Bulky.Utility\Bulky.Utility.csproj", "{1C05FB18-83B2-4E99-BB26-5703DD2CDA3D}"
EndProject
Global
	GlobalSection(SolutionConfigurationPlatforms) = preSolution
		Debug|Any CPU = Debug|Any CPU
		Release|Any CPU = Release|Any CPU
	EndGlobalSection
	GlobalSection(ProjectConfigurationPlatforms) = postSolution
		{1E697FED-9913-4A7F-9224-BFCECF540C18}.Debug|Any CPU.ActiveCfg = Debug|Any CPU
		{1E697FED-9913-4A7F-9224-BFCECF540C18}.Debug|Any CPU.Build.0 = Debug|Any CPU
		{1E697FED-9913-4A7F-9224-BFCECF540C18}.Release|Any CPU.ActiveCfg = Release|Any CPU
		{1E697FED-9913-4A7F-9224-BFCECF540C18}.Release|Any CPU.Build.0 = Release|Any CPU
		{908E3C4A-415F-4D11-AC19-A654FB2FD20B}.Debug|Any CPU.ActiveCfg = Debug|Any CPU
		{908E3C4A-415F-4D11-AC19-A654FB2FD20B}.Debug|Any CPU.Build.0 = Debug|Any CPU
		{908E3C4A-415F-4D11-AC19-A654FB2FD20B}.Release|Any CPU.ActiveCfg = Release|Any CPU
		{908E3C4A-415F-4D11-AC19-A654FB2FD20B}.Release|Any CPU.Build.0 = Release|Any CPU
		{C3B3A9ED-DB19-44C0-9120-639A58153973}.Debug|Any CPU.ActiveCfg = Debug|Any CPU
		{C3B3A9ED-DB19-44C0-9120-639A58153973}.Debug|Any CPU.Build.0 = Debug|Any CPU
		{C3B3A9ED-DB19-44C0-9120-639A58153973}.Release|Any CPU.ActiveCfg = Release|Any CPU
		{C3B3A9ED-DB19-44C0-9120-639A58153973}.Release|Any CPU.Build.0 = Release|Any CPU
		{1C05FB18-83B2-4E99-BB26-5703DD2CDA3D}.Debug|Any CPU.ActiveCfg = Debug|Any CPU
		{1C05FB18-83B2-4E99-BB26-5703DD2CDA3D}.Debug|Any CPU.Build.0 = Debug|Any CPU
		{1C05FB18-83B2-4E99-BB26-5703DD2CDA3D}.Release|Any CPU.ActiveCfg = Release|Any CPU
		{1C05FB18-83B2-4E99-BB26-5703DD2CDA3D}.Release|Any CPU.Build.0 = Release|Any CPU
	EndGlobalSection
	GlobalSection(SolutionProperties) = preSolution
		HideSolutionNode = FALSE
	EndGlobalSection
	GlobalSection(ExtensibilityGlobals) = postSolution
		SolutionGuid = {17C71525-172E-46EF-B48D-83D3BAB39C5D}
	EndGlobalSection
EndGlobal
